// !$*UTF8*$!
{
	archiveVersion = 1;
	classes = {
	};
	objectVersion = 55;
	objects = {

/* Begin PBXBuildFile section */
		4D6AAE0929B366BD001FFEFF /* ViewModels.swift in Sources */ = {isa = PBXBuildFile; fileRef = 4D6AAE0829B366BD001FFEFF /* ViewModels.swift */; };
		4D6AAE0F29B36B3D001FFEFF /* AlbumPhotoCell.swift in Sources */ = {isa = PBXBuildFile; fileRef = 4D6AAE0D29B36B3D001FFEFF /* AlbumPhotoCell.swift */; };
		4D6AAE1029B36B3D001FFEFF /* AlbumPhotoCell.xib in Resources */ = {isa = PBXBuildFile; fileRef = 4D6AAE0E29B36B3D001FFEFF /* AlbumPhotoCell.xib */; };
		4D6AAE1329B37C96001FFEFF /* SDWebImage in Frameworks */ = {isa = PBXBuildFile; productRef = 4D6AAE1229B37C96001FFEFF /* SDWebImage */; };
		4D8019E229B1E2ED00D07894 /* AppDelegate.swift in Sources */ = {isa = PBXBuildFile; fileRef = 4D8019E129B1E2ED00D07894 /* AppDelegate.swift */; };
		4D8019E429B1E2ED00D07894 /* SceneDelegate.swift in Sources */ = {isa = PBXBuildFile; fileRef = 4D8019E329B1E2ED00D07894 /* SceneDelegate.swift */; };
		4D8019EB29B1E2F000D07894 /* Assets.xcassets in Resources */ = {isa = PBXBuildFile; fileRef = 4D8019EA29B1E2F000D07894 /* Assets.xcassets */; };
		4D8019EE29B1E2F100D07894 /* LaunchScreen.storyboard in Resources */ = {isa = PBXBuildFile; fileRef = 4D8019EC29B1E2F100D07894 /* LaunchScreen.storyboard */; };
		4D8019F929B1E2F100D07894 /* MyAlbumsTests.swift in Sources */ = {isa = PBXBuildFile; fileRef = 4D8019F829B1E2F100D07894 /* MyAlbumsTests.swift */; };
		4D801A0329B1E2F100D07894 /* MyAlbumsUITests.swift in Sources */ = {isa = PBXBuildFile; fileRef = 4D801A0229B1E2F100D07894 /* MyAlbumsUITests.swift */; };
		4D801A0529B1E2F100D07894 /* MyAlbumsUITestsLaunchTests.swift in Sources */ = {isa = PBXBuildFile; fileRef = 4D801A0429B1E2F100D07894 /* MyAlbumsUITestsLaunchTests.swift */; };
		4D801A1729B1EFEE00D07894 /* UserInfoVC.swift in Sources */ = {isa = PBXBuildFile; fileRef = 4D801A1529B1EFEE00D07894 /* UserInfoVC.swift */; };
		4D801A1829B1EFEE00D07894 /* UserInfoVC.xib in Resources */ = {isa = PBXBuildFile; fileRef = 4D801A1629B1EFEE00D07894 /* UserInfoVC.xib */; };
		4D801A1B29B1F38000D07894 /* URLS.swift in Sources */ = {isa = PBXBuildFile; fileRef = 4D801A1A29B1F38000D07894 /* URLS.swift */; };
		4D801A1D29B1F4FA00D07894 /* NetworkCall.swift in Sources */ = {isa = PBXBuildFile; fileRef = 4D801A1C29B1F4FA00D07894 /* NetworkCall.swift */; };
		4DF823C529B20D0900B160AD /* RxBlocking in Frameworks */ = {isa = PBXBuildFile; productRef = 4DF823C429B20D0900B160AD /* RxBlocking */; };
		4DF823C729B20D0900B160AD /* RxCocoa in Frameworks */ = {isa = PBXBuildFile; productRef = 4DF823C629B20D0900B160AD /* RxCocoa */; };
		4DF823C929B20D0900B160AD /* RxRelay in Frameworks */ = {isa = PBXBuildFile; productRef = 4DF823C829B20D0900B160AD /* RxRelay */; };
		4DF823CB29B20D0900B160AD /* RxSwift in Frameworks */ = {isa = PBXBuildFile; productRef = 4DF823CA29B20D0900B160AD /* RxSwift */; };
		4DF823CE29B2106800B160AD /* Alamofire in Frameworks */ = {isa = PBXBuildFile; productRef = 4DF823CD29B2106800B160AD /* Alamofire */; };
		4DF823D129B210A700B160AD /* UserModel.swift in Sources */ = {isa = PBXBuildFile; fileRef = 4DF823D029B210A700B160AD /* UserModel.swift */; };
		4DF823D329B2114B00B160AD /* AlbumsModel.swift in Sources */ = {isa = PBXBuildFile; fileRef = 4DF823D229B2114B00B160AD /* AlbumsModel.swift */; };
		4DF823D929B2154200B160AD /* albumsDetailsModel.swift in Sources */ = {isa = PBXBuildFile; fileRef = 4DF823D829B2154200B160AD /* albumsDetailsModel.swift */; };
		4DF823DC29B215D000B160AD /* AlbumsDetailsVC.swift in Sources */ = {isa = PBXBuildFile; fileRef = 4DF823DA29B215D000B160AD /* AlbumsDetailsVC.swift */; };
		4DF823DD29B215D000B160AD /* AlbumsDetailsVC.xib in Resources */ = {isa = PBXBuildFile; fileRef = 4DF823DB29B215D000B160AD /* AlbumsDetailsVC.xib */; };
		4DF823DF29B2234300B160AD /* UserInfoViewModel.swift in Sources */ = {isa = PBXBuildFile; fileRef = 4DF823DE29B2234300B160AD /* UserInfoViewModel.swift */; };
/* End PBXBuildFile section */

/* Begin PBXContainerItemProxy section */
		4D8019F529B1E2F100D07894 /* PBXContainerItemProxy */ = {
			isa = PBXContainerItemProxy;
			containerPortal = 4D8019D629B1E2ED00D07894 /* Project object */;
			proxyType = 1;
			remoteGlobalIDString = 4D8019DD29B1E2ED00D07894;
			remoteInfo = MyAlbums;
		};
		4D8019FF29B1E2F100D07894 /* PBXContainerItemProxy */ = {
			isa = PBXContainerItemProxy;
			containerPortal = 4D8019D629B1E2ED00D07894 /* Project object */;
			proxyType = 1;
			remoteGlobalIDString = 4D8019DD29B1E2ED00D07894;
			remoteInfo = MyAlbums;
		};
/* End PBXContainerItemProxy section */

/* Begin PBXFileReference section */
		4D6AAE0829B366BD001FFEFF /* ViewModels.swift */ = {isa = PBXFileReference; lastKnownFileType = sourcecode.swift; path = ViewModels.swift; sourceTree = "<group>"; };
		4D6AAE0D29B36B3D001FFEFF /* AlbumPhotoCell.swift */ = {isa = PBXFileReference; lastKnownFileType = sourcecode.swift; path = AlbumPhotoCell.swift; sourceTree = "<group>"; };
		4D6AAE0E29B36B3D001FFEFF /* AlbumPhotoCell.xib */ = {isa = PBXFileReference; lastKnownFileType = file.xib; path = AlbumPhotoCell.xib; sourceTree = "<group>"; };
		4D8019DE29B1E2ED00D07894 /* MyAlbums.app */ = {isa = PBXFileReference; explicitFileType = wrapper.application; includeInIndex = 0; path = MyAlbums.app; sourceTree = BUILT_PRODUCTS_DIR; };
		4D8019E129B1E2ED00D07894 /* AppDelegate.swift */ = {isa = PBXFileReference; lastKnownFileType = sourcecode.swift; path = AppDelegate.swift; sourceTree = "<group>"; };
		4D8019E329B1E2ED00D07894 /* SceneDelegate.swift */ = {isa = PBXFileReference; lastKnownFileType = sourcecode.swift; path = SceneDelegate.swift; sourceTree = "<group>"; };
		4D8019EA29B1E2F000D07894 /* Assets.xcassets */ = {isa = PBXFileReference; lastKnownFileType = folder.assetcatalog; path = Assets.xcassets; sourceTree = "<group>"; };
		4D8019ED29B1E2F100D07894 /* Base */ = {isa = PBXFileReference; lastKnownFileType = file.storyboard; name = Base; path = Base.lproj/LaunchScreen.storyboard; sourceTree = "<group>"; };
		4D8019EF29B1E2F100D07894 /* Info.plist */ = {isa = PBXFileReference; lastKnownFileType = text.plist.xml; path = Info.plist; sourceTree = "<group>"; };
		4D8019F429B1E2F100D07894 /* MyAlbumsTests.xctest */ = {isa = PBXFileReference; explicitFileType = wrapper.cfbundle; includeInIndex = 0; path = MyAlbumsTests.xctest; sourceTree = BUILT_PRODUCTS_DIR; };
		4D8019F829B1E2F100D07894 /* MyAlbumsTests.swift */ = {isa = PBXFileReference; lastKnownFileType = sourcecode.swift; path = MyAlbumsTests.swift; sourceTree = "<group>"; };
		4D8019FE29B1E2F100D07894 /* MyAlbumsUITests.xctest */ = {isa = PBXFileReference; explicitFileType = wrapper.cfbundle; includeInIndex = 0; path = MyAlbumsUITests.xctest; sourceTree = BUILT_PRODUCTS_DIR; };
		4D801A0229B1E2F100D07894 /* MyAlbumsUITests.swift */ = {isa = PBXFileReference; lastKnownFileType = sourcecode.swift; path = MyAlbumsUITests.swift; sourceTree = "<group>"; };
		4D801A0429B1E2F100D07894 /* MyAlbumsUITestsLaunchTests.swift */ = {isa = PBXFileReference; lastKnownFileType = sourcecode.swift; path = MyAlbumsUITestsLaunchTests.swift; sourceTree = "<group>"; };
		4D801A1529B1EFEE00D07894 /* UserInfoVC.swift */ = {isa = PBXFileReference; lastKnownFileType = sourcecode.swift; path = UserInfoVC.swift; sourceTree = "<group>"; };
		4D801A1629B1EFEE00D07894 /* UserInfoVC.xib */ = {isa = PBXFileReference; lastKnownFileType = file.xib; path = UserInfoVC.xib; sourceTree = "<group>"; };
		4D801A1A29B1F38000D07894 /* URLS.swift */ = {isa = PBXFileReference; lastKnownFileType = sourcecode.swift; path = URLS.swift; sourceTree = "<group>"; };
		4D801A1C29B1F4FA00D07894 /* NetworkCall.swift */ = {isa = PBXFileReference; lastKnownFileType = sourcecode.swift; path = NetworkCall.swift; sourceTree = "<group>"; };
		4DF823D029B210A700B160AD /* UserModel.swift */ = {isa = PBXFileReference; lastKnownFileType = sourcecode.swift; path = UserModel.swift; sourceTree = "<group>"; };
		4DF823D229B2114B00B160AD /* AlbumsModel.swift */ = {isa = PBXFileReference; lastKnownFileType = sourcecode.swift; path = AlbumsModel.swift; sourceTree = "<group>"; };
		4DF823D829B2154200B160AD /* albumsDetailsModel.swift */ = {isa = PBXFileReference; lastKnownFileType = sourcecode.swift; path = albumsDetailsModel.swift; sourceTree = "<group>"; };
		4DF823DA29B215D000B160AD /* AlbumsDetailsVC.swift */ = {isa = PBXFileReference; lastKnownFileType = sourcecode.swift; path = AlbumsDetailsVC.swift; sourceTree = "<group>"; };
		4DF823DB29B215D000B160AD /* AlbumsDetailsVC.xib */ = {isa = PBXFileReference; lastKnownFileType = file.xib; path = AlbumsDetailsVC.xib; sourceTree = "<group>"; };
		4DF823DE29B2234300B160AD /* UserInfoViewModel.swift */ = {isa = PBXFileReference; lastKnownFileType = sourcecode.swift; path = UserInfoViewModel.swift; sourceTree = "<group>"; };
/* End PBXFileReference section */

/* Begin PBXFrameworksBuildPhase section */
		4D8019DB29B1E2ED00D07894 /* Frameworks */ = {
			isa = PBXFrameworksBuildPhase;
			buildActionMask = 2147483647;
			files = (
				4D6AAE1329B37C96001FFEFF /* SDWebImage in Frameworks */,
				4DF823CE29B2106800B160AD /* Alamofire in Frameworks */,
				4DF823C929B20D0900B160AD /* RxRelay in Frameworks */,
				4DF823C729B20D0900B160AD /* RxCocoa in Frameworks */,
				4DF823CB29B20D0900B160AD /* RxSwift in Frameworks */,
				4DF823C529B20D0900B160AD /* RxBlocking in Frameworks */,
			);
			runOnlyForDeploymentPostprocessing = 0;
		};
		4D8019F129B1E2F100D07894 /* Frameworks */ = {
			isa = PBXFrameworksBuildPhase;
			buildActionMask = 2147483647;
			files = (
			);
			runOnlyForDeploymentPostprocessing = 0;
		};
		4D8019FB29B1E2F100D07894 /* Frameworks */ = {
			isa = PBXFrameworksBuildPhase;
			buildActionMask = 2147483647;
			files = (
			);
			runOnlyForDeploymentPostprocessing = 0;
		};
/* End PBXFrameworksBuildPhase section */

/* Begin PBXGroup section */
		4D6AAE0729B366AC001FFEFF /* ViewModels */ = {
			isa = PBXGroup;
			children = (
				4D6AAE0829B366BD001FFEFF /* ViewModels.swift */,
			);
			path = ViewModels;
			sourceTree = "<group>";
		};
		4D6AAE0C29B36B0B001FFEFF /* Cells */ = {
			isa = PBXGroup;
			children = (
				4D6AAE0D29B36B3D001FFEFF /* AlbumPhotoCell.swift */,
				4D6AAE0E29B36B3D001FFEFF /* AlbumPhotoCell.xib */,
			);
			path = Cells;
			sourceTree = "<group>";
		};
		4D8019D529B1E2ED00D07894 = {
			isa = PBXGroup;
			children = (
				4D8019E029B1E2ED00D07894 /* MyAlbums */,
				4D8019F729B1E2F100D07894 /* MyAlbumsTests */,
				4D801A0129B1E2F100D07894 /* MyAlbumsUITests */,
				4D8019DF29B1E2ED00D07894 /* Products */,
			);
			sourceTree = "<group>";
		};
		4D8019DF29B1E2ED00D07894 /* Products */ = {
			isa = PBXGroup;
			children = (
				4D8019DE29B1E2ED00D07894 /* MyAlbums.app */,
				4D8019F429B1E2F100D07894 /* MyAlbumsTests.xctest */,
				4D8019FE29B1E2F100D07894 /* MyAlbumsUITests.xctest */,
			);
			name = Products;
			sourceTree = "<group>";
		};
		4D8019E029B1E2ED00D07894 /* MyAlbums */ = {
			isa = PBXGroup;
			children = (
				4D801A1929B1F36900D07894 /* Network */,
				4D801A1229B1EFAE00D07894 /* Controllers */,
				4D801A1129B1EF9700D07894 /* AppCore */,
				4D8019EA29B1E2F000D07894 /* Assets.xcassets */,
				4D8019EC29B1E2F100D07894 /* LaunchScreen.storyboard */,
				4D8019EF29B1E2F100D07894 /* Info.plist */,
			);
			path = MyAlbums;
			sourceTree = "<group>";
		};
		4D8019F729B1E2F100D07894 /* MyAlbumsTests */ = {
			isa = PBXGroup;
			children = (
				4D8019F829B1E2F100D07894 /* MyAlbumsTests.swift */,
			);
			path = MyAlbumsTests;
			sourceTree = "<group>";
		};
		4D801A0129B1E2F100D07894 /* MyAlbumsUITests */ = {
			isa = PBXGroup;
			children = (
				4D801A0229B1E2F100D07894 /* MyAlbumsUITests.swift */,
				4D801A0429B1E2F100D07894 /* MyAlbumsUITestsLaunchTests.swift */,
			);
			path = MyAlbumsUITests;
			sourceTree = "<group>";
		};
		4D801A1129B1EF9700D07894 /* AppCore */ = {
			isa = PBXGroup;
			children = (
				4D8019E129B1E2ED00D07894 /* AppDelegate.swift */,
				4D8019E329B1E2ED00D07894 /* SceneDelegate.swift */,
			);
			path = AppCore;
			sourceTree = "<group>";
		};
		4D801A1229B1EFAE00D07894 /* Controllers */ = {
			isa = PBXGroup;
			children = (
				4DF823D429B214FC00B160AD /* AlbumInfo */,
				4D801A1329B1EFBB00D07894 /* UserInfo */,
			);
			path = Controllers;
			sourceTree = "<group>";
		};
		4D801A1329B1EFBB00D07894 /* UserInfo */ = {
			isa = PBXGroup;
			children = (
				4DF823E029B2234900B160AD /* ViewModel */,
				4DF823CF29B2108E00B160AD /* Models */,
				4D801A1429B1EFCB00D07894 /* Views */,
			);
			path = UserInfo;
			sourceTree = "<group>";
		};
		4D801A1429B1EFCB00D07894 /* Views */ = {
			isa = PBXGroup;
			children = (
				4D801A1529B1EFEE00D07894 /* UserInfoVC.swift */,
				4D801A1629B1EFEE00D07894 /* UserInfoVC.xib */,
			);
			path = Views;
			sourceTree = "<group>";
		};
		4D801A1929B1F36900D07894 /* Network */ = {
			isa = PBXGroup;
			children = (
				4D801A1A29B1F38000D07894 /* URLS.swift */,
				4D801A1C29B1F4FA00D07894 /* NetworkCall.swift */,
			);
			path = Network;
			sourceTree = "<group>";
		};
		4DF823CF29B2108E00B160AD /* Models */ = {
			isa = PBXGroup;
			children = (
				4DF823D029B210A700B160AD /* UserModel.swift */,
				4DF823D229B2114B00B160AD /* AlbumsModel.swift */,
			);
			path = Models;
			sourceTree = "<group>";
		};
		4DF823D429B214FC00B160AD /* AlbumInfo */ = {
			isa = PBXGroup;
			children = (
				4D6AAE0729B366AC001FFEFF /* ViewModels */,
				4DF823D629B2151300B160AD /* Models */,
				4DF823D529B2150800B160AD /* Views */,
			);
			path = AlbumInfo;
			sourceTree = "<group>";
		};
		4DF823D529B2150800B160AD /* Views */ = {
			isa = PBXGroup;
			children = (
				4D6AAE0C29B36B0B001FFEFF /* Cells */,
				4DF823DA29B215D000B160AD /* AlbumsDetailsVC.swift */,
				4DF823DB29B215D000B160AD /* AlbumsDetailsVC.xib */,
			);
			path = Views;
			sourceTree = "<group>";
		};
		4DF823D629B2151300B160AD /* Models */ = {
			isa = PBXGroup;
			children = (
				4DF823D829B2154200B160AD /* albumsDetailsModel.swift */,
			);
			path = Models;
			sourceTree = "<group>";
		};
		4DF823E029B2234900B160AD /* ViewModel */ = {
			isa = PBXGroup;
			children = (
				4DF823DE29B2234300B160AD /* UserInfoViewModel.swift */,
			);
			path = ViewModel;
			sourceTree = "<group>";
		};
/* End PBXGroup section */

/* Begin PBXNativeTarget section */
		4D8019DD29B1E2ED00D07894 /* MyAlbums */ = {
			isa = PBXNativeTarget;
			buildConfigurationList = 4D801A0829B1E2F100D07894 /* Build configuration list for PBXNativeTarget "MyAlbums" */;
			buildPhases = (
				4D8019DA29B1E2ED00D07894 /* Sources */,
				4D8019DB29B1E2ED00D07894 /* Frameworks */,
				4D8019DC29B1E2ED00D07894 /* Resources */,
			);
			buildRules = (
			);
			dependencies = (
			);
			name = MyAlbums;
			packageProductDependencies = (
				4DF823C429B20D0900B160AD /* RxBlocking */,
				4DF823C629B20D0900B160AD /* RxCocoa */,
				4DF823C829B20D0900B160AD /* RxRelay */,
				4DF823CA29B20D0900B160AD /* RxSwift */,
				4DF823CD29B2106800B160AD /* Alamofire */,
				4D6AAE1229B37C96001FFEFF /* SDWebImage */,
			);
			productName = MyAlbums;
			productReference = 4D8019DE29B1E2ED00D07894 /* MyAlbums.app */;
			productType = "com.apple.product-type.application";
		};
		4D8019F329B1E2F100D07894 /* MyAlbumsTests */ = {
			isa = PBXNativeTarget;
			buildConfigurationList = 4D801A0B29B1E2F100D07894 /* Build configuration list for PBXNativeTarget "MyAlbumsTests" */;
			buildPhases = (
				4D8019F029B1E2F100D07894 /* Sources */,
				4D8019F129B1E2F100D07894 /* Frameworks */,
				4D8019F229B1E2F100D07894 /* Resources */,
			);
			buildRules = (
			);
			dependencies = (
				4D8019F629B1E2F100D07894 /* PBXTargetDependency */,
			);
			name = MyAlbumsTests;
			productName = MyAlbumsTests;
			productReference = 4D8019F429B1E2F100D07894 /* MyAlbumsTests.xctest */;
			productType = "com.apple.product-type.bundle.unit-test";
		};
		4D8019FD29B1E2F100D07894 /* MyAlbumsUITests */ = {
			isa = PBXNativeTarget;
			buildConfigurationList = 4D801A0E29B1E2F100D07894 /* Build configuration list for PBXNativeTarget "MyAlbumsUITests" */;
			buildPhases = (
				4D8019FA29B1E2F100D07894 /* Sources */,
				4D8019FB29B1E2F100D07894 /* Frameworks */,
				4D8019FC29B1E2F100D07894 /* Resources */,
			);
			buildRules = (
			);
			dependencies = (
				4D801A0029B1E2F100D07894 /* PBXTargetDependency */,
			);
			name = MyAlbumsUITests;
			productName = MyAlbumsUITests;
			productReference = 4D8019FE29B1E2F100D07894 /* MyAlbumsUITests.xctest */;
			productType = "com.apple.product-type.bundle.ui-testing";
		};
/* End PBXNativeTarget section */

/* Begin PBXProject section */
		4D8019D629B1E2ED00D07894 /* Project object */ = {
			isa = PBXProject;
			attributes = {
				BuildIndependentTargetsInParallel = 1;
				LastSwiftUpdateCheck = 1340;
				LastUpgradeCheck = 1340;
				TargetAttributes = {
					4D8019DD29B1E2ED00D07894 = {
						CreatedOnToolsVersion = 13.4.1;
					};
					4D8019F329B1E2F100D07894 = {
						CreatedOnToolsVersion = 13.4.1;
						TestTargetID = 4D8019DD29B1E2ED00D07894;
					};
					4D8019FD29B1E2F100D07894 = {
						CreatedOnToolsVersion = 13.4.1;
						TestTargetID = 4D8019DD29B1E2ED00D07894;
					};
				};
			};
			buildConfigurationList = 4D8019D929B1E2ED00D07894 /* Build configuration list for PBXProject "MyAlbums" */;
			compatibilityVersion = "Xcode 13.0";
			developmentRegion = en;
			hasScannedForEncodings = 0;
			knownRegions = (
				en,
				Base,
			);
			mainGroup = 4D8019D529B1E2ED00D07894;
			packageReferences = (
				4DF823C329B20D0900B160AD /* XCRemoteSwiftPackageReference "RxSwift" */,
				4DF823CC29B2106800B160AD /* XCRemoteSwiftPackageReference "Alamofire" */,
				4D6AAE1129B37C96001FFEFF /* XCRemoteSwiftPackageReference "SDWebImage" */,
			);
			productRefGroup = 4D8019DF29B1E2ED00D07894 /* Products */;
			projectDirPath = "";
			projectRoot = "";
			targets = (
				4D8019DD29B1E2ED00D07894 /* MyAlbums */,
				4D8019F329B1E2F100D07894 /* MyAlbumsTests */,
				4D8019FD29B1E2F100D07894 /* MyAlbumsUITests */,
			);
		};
/* End PBXProject section */

/* Begin PBXResourcesBuildPhase section */
		4D8019DC29B1E2ED00D07894 /* Resources */ = {
			isa = PBXResourcesBuildPhase;
			buildActionMask = 2147483647;
			files = (
				4D8019EE29B1E2F100D07894 /* LaunchScreen.storyboard in Resources */,
				4D6AAE1029B36B3D001FFEFF /* AlbumPhotoCell.xib in Resources */,
				4D801A1829B1EFEE00D07894 /* UserInfoVC.xib in Resources */,
				4D8019EB29B1E2F000D07894 /* Assets.xcassets in Resources */,
				4DF823DD29B215D000B160AD /* AlbumsDetailsVC.xib in Resources */,
			);
			runOnlyForDeploymentPostprocessing = 0;
		};
		4D8019F229B1E2F100D07894 /* Resources */ = {
			isa = PBXResourcesBuildPhase;
			buildActionMask = 2147483647;
			files = (
			);
			runOnlyForDeploymentPostprocessing = 0;
		};
		4D8019FC29B1E2F100D07894 /* Resources */ = {
			isa = PBXResourcesBuildPhase;
			buildActionMask = 2147483647;
			files = (
			);
			runOnlyForDeploymentPostprocessing = 0;
		};
/* End PBXResourcesBuildPhase section */

/* Begin PBXSourcesBuildPhase section */
		4D8019DA29B1E2ED00D07894 /* Sources */ = {
			isa = PBXSourcesBuildPhase;
			buildActionMask = 2147483647;
			files = (
				4DF823DC29B215D000B160AD /* AlbumsDetailsVC.swift in Sources */,
				4D8019E229B1E2ED00D07894 /* AppDelegate.swift in Sources */,
				4D6AAE0F29B36B3D001FFEFF /* AlbumPhotoCell.swift in Sources */,
				4D8019E429B1E2ED00D07894 /* SceneDelegate.swift in Sources */,
				4D801A1729B1EFEE00D07894 /* UserInfoVC.swift in Sources */,
				4D801A1B29B1F38000D07894 /* URLS.swift in Sources */,
				4DF823D129B210A700B160AD /* UserModel.swift in Sources */,
				4DF823D329B2114B00B160AD /* AlbumsModel.swift in Sources */,
				4D6AAE0929B366BD001FFEFF /* ViewModels.swift in Sources */,
				4DF823DF29B2234300B160AD /* UserInfoViewModel.swift in Sources */,
				4DF823D929B2154200B160AD /* albumsDetailsModel.swift in Sources */,
				4D801A1D29B1F4FA00D07894 /* NetworkCall.swift in Sources */,
			);
			runOnlyForDeploymentPostprocessing = 0;
		};
		4D8019F029B1E2F100D07894 /* Sources */ = {
			isa = PBXSourcesBuildPhase;
			buildActionMask = 2147483647;
			files = (
				4D8019F929B1E2F100D07894 /* MyAlbumsTests.swift in Sources */,
			);
			runOnlyForDeploymentPostprocessing = 0;
		};
		4D8019FA29B1E2F100D07894 /* Sources */ = {
			isa = PBXSourcesBuildPhase;
			buildActionMask = 2147483647;
			files = (
				4D801A0529B1E2F100D07894 /* MyAlbumsUITestsLaunchTests.swift in Sources */,
				4D801A0329B1E2F100D07894 /* MyAlbumsUITests.swift in Sources */,
			);
			runOnlyForDeploymentPostprocessing = 0;
		};
/* End PBXSourcesBuildPhase section */

/* Begin PBXTargetDependency section */
		4D8019F629B1E2F100D07894 /* PBXTargetDependency */ = {
			isa = PBXTargetDependency;
			target = 4D8019DD29B1E2ED00D07894 /* MyAlbums */;
			targetProxy = 4D8019F529B1E2F100D07894 /* PBXContainerItemProxy */;
		};
		4D801A0029B1E2F100D07894 /* PBXTargetDependency */ = {
			isa = PBXTargetDependency;
			target = 4D8019DD29B1E2ED00D07894 /* MyAlbums */;
			targetProxy = 4D8019FF29B1E2F100D07894 /* PBXContainerItemProxy */;
		};
/* End PBXTargetDependency section */

/* Begin PBXVariantGroup section */
		4D8019EC29B1E2F100D07894 /* LaunchScreen.storyboard */ = {
			isa = PBXVariantGroup;
			children = (
				4D8019ED29B1E2F100D07894 /* Base */,
			);
			name = LaunchScreen.storyboard;
			sourceTree = "<group>";
		};
/* End PBXVariantGroup section */

/* Begin XCBuildConfiguration section */
		4D801A0629B1E2F100D07894 /* Debug */ = {
			isa = XCBuildConfiguration;
			buildSettings = {
				ALWAYS_SEARCH_USER_PATHS = NO;
				CLANG_ANALYZER_NONNULL = YES;
				CLANG_ANALYZER_NUMBER_OBJECT_CONVERSION = YES_AGGRESSIVE;
				CLANG_CXX_LANGUAGE_STANDARD = "gnu++17";
				CLANG_ENABLE_MODULES = YES;
				CLANG_ENABLE_OBJC_ARC = YES;
				CLANG_ENABLE_OBJC_WEAK = YES;
				CLANG_WARN_BLOCK_CAPTURE_AUTORELEASING = YES;
				CLANG_WARN_BOOL_CONVERSION = YES;
				CLANG_WARN_COMMA = YES;
				CLANG_WARN_CONSTANT_CONVERSION = YES;
				CLANG_WARN_DEPRECATED_OBJC_IMPLEMENTATIONS = YES;
				CLANG_WARN_DIRECT_OBJC_ISA_USAGE = YES_ERROR;
				CLANG_WARN_DOCUMENTATION_COMMENTS = YES;
				CLANG_WARN_EMPTY_BODY = YES;
				CLANG_WARN_ENUM_CONVERSION = YES;
				CLANG_WARN_INFINITE_RECURSION = YES;
				CLANG_WARN_INT_CONVERSION = YES;
				CLANG_WARN_NON_LITERAL_NULL_CONVERSION = YES;
				CLANG_WARN_OBJC_IMPLICIT_RETAIN_SELF = YES;
				CLANG_WARN_OBJC_LITERAL_CONVERSION = YES;
				CLANG_WARN_OBJC_ROOT_CLASS = YES_ERROR;
				CLANG_WARN_QUOTED_INCLUDE_IN_FRAMEWORK_HEADER = YES;
				CLANG_WARN_RANGE_LOOP_ANALYSIS = YES;
				CLANG_WARN_STRICT_PROTOTYPES = YES;
				CLANG_WARN_SUSPICIOUS_MOVE = YES;
				CLANG_WARN_UNGUARDED_AVAILABILITY = YES_AGGRESSIVE;
				CLANG_WARN_UNREACHABLE_CODE = YES;
				CLANG_WARN__DUPLICATE_METHOD_MATCH = YES;
				COPY_PHASE_STRIP = NO;
				DEBUG_INFORMATION_FORMAT = dwarf;
				ENABLE_STRICT_OBJC_MSGSEND = YES;
				ENABLE_TESTABILITY = YES;
				GCC_C_LANGUAGE_STANDARD = gnu11;
				GCC_DYNAMIC_NO_PIC = NO;
				GCC_NO_COMMON_BLOCKS = YES;
				GCC_OPTIMIZATION_LEVEL = 0;
				GCC_PREPROCESSOR_DEFINITIONS = (
					"DEBUG=1",
					"$(inherited)",
				);
				GCC_WARN_64_TO_32_BIT_CONVERSION = YES;
				GCC_WARN_ABOUT_RETURN_TYPE = YES_ERROR;
				GCC_WARN_UNDECLARED_SELECTOR = YES;
				GCC_WARN_UNINITIALIZED_AUTOS = YES_AGGRESSIVE;
				GCC_WARN_UNUSED_FUNCTION = YES;
				GCC_WARN_UNUSED_VARIABLE = YES;
				IPHONEOS_DEPLOYMENT_TARGET = 15.5;
				MTL_ENABLE_DEBUG_INFO = INCLUDE_SOURCE;
				MTL_FAST_MATH = YES;
				ONLY_ACTIVE_ARCH = YES;
				SDKROOT = iphoneos;
				SWIFT_ACTIVE_COMPILATION_CONDITIONS = DEBUG;
				SWIFT_OPTIMIZATION_LEVEL = "-Onone";
			};
			name = Debug;
		};
		4D801A0729B1E2F100D07894 /* Release */ = {
			isa = XCBuildConfiguration;
			buildSettings = {
				ALWAYS_SEARCH_USER_PATHS = NO;
				CLANG_ANALYZER_NONNULL = YES;
				CLANG_ANALYZER_NUMBER_OBJECT_CONVERSION = YES_AGGRESSIVE;
				CLANG_CXX_LANGUAGE_STANDARD = "gnu++17";
				CLANG_ENABLE_MODULES = YES;
				CLANG_ENABLE_OBJC_ARC = YES;
				CLANG_ENABLE_OBJC_WEAK = YES;
				CLANG_WARN_BLOCK_CAPTURE_AUTORELEASING = YES;
				CLANG_WARN_BOOL_CONVERSION = YES;
				CLANG_WARN_COMMA = YES;
				CLANG_WARN_CONSTANT_CONVERSION = YES;
				CLANG_WARN_DEPRECATED_OBJC_IMPLEMENTATIONS = YES;
				CLANG_WARN_DIRECT_OBJC_ISA_USAGE = YES_ERROR;
				CLANG_WARN_DOCUMENTATION_COMMENTS = YES;
				CLANG_WARN_EMPTY_BODY = YES;
				CLANG_WARN_ENUM_CONVERSION = YES;
				CLANG_WARN_INFINITE_RECURSION = YES;
				CLANG_WARN_INT_CONVERSION = YES;
				CLANG_WARN_NON_LITERAL_NULL_CONVERSION = YES;
				CLANG_WARN_OBJC_IMPLICIT_RETAIN_SELF = YES;
				CLANG_WARN_OBJC_LITERAL_CONVERSION = YES;
				CLANG_WARN_OBJC_ROOT_CLASS = YES_ERROR;
				CLANG_WARN_QUOTED_INCLUDE_IN_FRAMEWORK_HEADER = YES;
				CLANG_WARN_RANGE_LOOP_ANALYSIS = YES;
				CLANG_WARN_STRICT_PROTOTYPES = YES;
				CLANG_WARN_SUSPICIOUS_MOVE = YES;
				CLANG_WARN_UNGUARDED_AVAILABILITY = YES_AGGRESSIVE;
				CLANG_WARN_UNREACHABLE_CODE = YES;
				CLANG_WARN__DUPLICATE_METHOD_MATCH = YES;
				COPY_PHASE_STRIP = NO;
				DEBUG_INFORMATION_FORMAT = "dwarf-with-dsym";
				ENABLE_NS_ASSERTIONS = NO;
				ENABLE_STRICT_OBJC_MSGSEND = YES;
				GCC_C_LANGUAGE_STANDARD = gnu11;
				GCC_NO_COMMON_BLOCKS = YES;
				GCC_WARN_64_TO_32_BIT_CONVERSION = YES;
				GCC_WARN_ABOUT_RETURN_TYPE = YES_ERROR;
				GCC_WARN_UNDECLARED_SELECTOR = YES;
				GCC_WARN_UNINITIALIZED_AUTOS = YES_AGGRESSIVE;
				GCC_WARN_UNUSED_FUNCTION = YES;
				GCC_WARN_UNUSED_VARIABLE = YES;
				IPHONEOS_DEPLOYMENT_TARGET = 15.5;
				MTL_ENABLE_DEBUG_INFO = NO;
				MTL_FAST_MATH = YES;
				SDKROOT = iphoneos;
				SWIFT_COMPILATION_MODE = wholemodule;
				SWIFT_OPTIMIZATION_LEVEL = "-O";
				VALIDATE_PRODUCT = YES;
			};
			name = Release;
		};
		4D801A0929B1E2F100D07894 /* Debug */ = {
			isa = XCBuildConfiguration;
			buildSettings = {
				ASSETCATALOG_COMPILER_APPICON_NAME = AppIcon;
				ASSETCATALOG_COMPILER_GLOBAL_ACCENT_COLOR_NAME = AccentColor;
				CODE_SIGN_STYLE = Automatic;
				CURRENT_PROJECT_VERSION = 1;
				DEVELOPMENT_TEAM = FU4635KL3Z;
				GENERATE_INFOPLIST_FILE = YES;
				INFOPLIST_FILE = MyAlbums/Info.plist;
				INFOPLIST_KEY_UIApplicationSupportsIndirectInputEvents = YES;
				INFOPLIST_KEY_UILaunchStoryboardName = LaunchScreen;
				INFOPLIST_KEY_UISupportedInterfaceOrientations_iPad = "UIInterfaceOrientationPortrait UIInterfaceOrientationPortraitUpsideDown UIInterfaceOrientationLandscapeLeft UIInterfaceOrientationLandscapeRight";
				INFOPLIST_KEY_UISupportedInterfaceOrientations_iPhone = "UIInterfaceOrientationPortrait UIInterfaceOrientationLandscapeLeft UIInterfaceOrientationLandscapeRight";
				LD_RUNPATH_SEARCH_PATHS = (
					"$(inherited)",
					"@executable_path/Frameworks",
				);
				MARKETING_VERSION = 1.0;
				PRODUCT_BUNDLE_IDENTIFIER = com.training.MyAlbums;
				PRODUCT_NAME = "$(TARGET_NAME)";
				SWIFT_EMIT_LOC_STRINGS = YES;
				SWIFT_VERSION = 5.0;
				TARGETED_DEVICE_FAMILY = "1,2";
			};
			name = Debug;
		};
		4D801A0A29B1E2F100D07894 /* Release */ = {
			isa = XCBuildConfiguration;
			buildSettings = {
				ASSETCATALOG_COMPILER_APPICON_NAME = AppIcon;
				ASSETCATALOG_COMPILER_GLOBAL_ACCENT_COLOR_NAME = AccentColor;
				CODE_SIGN_STYLE = Automatic;
				CURRENT_PROJECT_VERSION = 1;
				DEVELOPMENT_TEAM = FU4635KL3Z;
				GENERATE_INFOPLIST_FILE = YES;
				INFOPLIST_FILE = MyAlbums/Info.plist;
				INFOPLIST_KEY_UIApplicationSupportsIndirectInputEvents = YES;
				INFOPLIST_KEY_UILaunchStoryboardName = LaunchScreen;
				INFOPLIST_KEY_UISupportedInterfaceOrientations_iPad = "UIInterfaceOrientationPortrait UIInterfaceOrientationPortraitUpsideDown UIInterfaceOrientationLandscapeLeft UIInterfaceOrientationLandscapeRight";
				INFOPLIST_KEY_UISupportedInterfaceOrientations_iPhone = "UIInterfaceOrientationPortrait UIInterfaceOrientationLandscapeLeft UIInterfaceOrientationLandscapeRight";
				LD_RUNPATH_SEARCH_PATHS = (
					"$(inherited)",
					"@executable_path/Frameworks",
				);
				MARKETING_VERSION = 1.0;
				PRODUCT_BUNDLE_IDENTIFIER = com.training.MyAlbums;
				PRODUCT_NAME = "$(TARGET_NAME)";
				SWIFT_EMIT_LOC_STRINGS = YES;
				SWIFT_VERSION = 5.0;
				TARGETED_DEVICE_FAMILY = "1,2";
			};
			name = Release;
		};
		4D801A0C29B1E2F100D07894 /* Debug */ = {
			isa = XCBuildConfiguration;
			buildSettings = {
				ALWAYS_EMBED_SWIFT_STANDARD_LIBRARIES = YES;
				BUNDLE_LOADER = "$(TEST_HOST)";
				CODE_SIGN_STYLE = Automatic;
				CURRENT_PROJECT_VERSION = 1;
				DEVELOPMENT_TEAM = FU4635KL3Z;
				GENERATE_INFOPLIST_FILE = YES;
				IPHONEOS_DEPLOYMENT_TARGET = 15.5;
				MARKETING_VERSION = 1.0;
				PRODUCT_BUNDLE_IDENTIFIER = com.training.MyAlbumsTests;
				PRODUCT_NAME = "$(TARGET_NAME)";
				SWIFT_EMIT_LOC_STRINGS = NO;
				SWIFT_VERSION = 5.0;
				TARGETED_DEVICE_FAMILY = "1,2";
				TEST_HOST = "$(BUILT_PRODUCTS_DIR)/MyAlbums.app/MyAlbums";
			};
			name = Debug;
		};
		4D801A0D29B1E2F100D07894 /* Release */ = {
			isa = XCBuildConfiguration;
			buildSettings = {
				ALWAYS_EMBED_SWIFT_STANDARD_LIBRARIES = YES;
				BUNDLE_LOADER = "$(TEST_HOST)";
				CODE_SIGN_STYLE = Automatic;
				CURRENT_PROJECT_VERSION = 1;
				DEVELOPMENT_TEAM = FU4635KL3Z;
				GENERATE_INFOPLIST_FILE = YES;
				IPHONEOS_DEPLOYMENT_TARGET = 15.5;
				MARKETING_VERSION = 1.0;
				PRODUCT_BUNDLE_IDENTIFIER = com.training.MyAlbumsTests;
				PRODUCT_NAME = "$(TARGET_NAME)";
				SWIFT_EMIT_LOC_STRINGS = NO;
				SWIFT_VERSION = 5.0;
				TARGETED_DEVICE_FAMILY = "1,2";
				TEST_HOST = "$(BUILT_PRODUCTS_DIR)/MyAlbums.app/MyAlbums";
			};
			name = Release;
		};
		4D801A0F29B1E2F100D07894 /* Debug */ = {
			isa = XCBuildConfiguration;
			buildSettings = {
				ALWAYS_EMBED_SWIFT_STANDARD_LIBRARIES = YES;
				CODE_SIGN_STYLE = Automatic;
				CURRENT_PROJECT_VERSION = 1;
				DEVELOPMENT_TEAM = FU4635KL3Z;
				GENERATE_INFOPLIST_FILE = YES;
				MARKETING_VERSION = 1.0;
				PRODUCT_BUNDLE_IDENTIFIER = com.training.MyAlbumsUITests;
				PRODUCT_NAME = "$(TARGET_NAME)";
				SWIFT_EMIT_LOC_STRINGS = NO;
				SWIFT_VERSION = 5.0;
				TARGETED_DEVICE_FAMILY = "1,2";
				TEST_TARGET_NAME = MyAlbums;
			};
			name = Debug;
		};
		4D801A1029B1E2F100D07894 /* Release */ = {
			isa = XCBuildConfiguration;
			buildSettings = {
				ALWAYS_EMBED_SWIFT_STANDARD_LIBRARIES = YES;
				CODE_SIGN_STYLE = Automatic;
				CURRENT_PROJECT_VERSION = 1;
				DEVELOPMENT_TEAM = FU4635KL3Z;
				GENERATE_INFOPLIST_FILE = YES;
				MARKETING_VERSION = 1.0;
				PRODUCT_BUNDLE_IDENTIFIER = com.training.MyAlbumsUITests;
				PRODUCT_NAME = "$(TARGET_NAME)";
				SWIFT_EMIT_LOC_STRINGS = NO;
				SWIFT_VERSION = 5.0;
				TARGETED_DEVICE_FAMILY = "1,2";
				TEST_TARGET_NAME = MyAlbums;
			};
			name = Release;
		};
/* End XCBuildConfiguration section */

/* Begin XCConfigurationList section */
		4D8019D929B1E2ED00D07894 /* Build configuration list for PBXProject "MyAlbums" */ = {
			isa = XCConfigurationList;
			buildConfigurations = (
				4D801A0629B1E2F100D07894 /* Debug */,
				4D801A0729B1E2F100D07894 /* Release */,
			);
			defaultConfigurationIsVisible = 0;
			defaultConfigurationName = Release;
		};
		4D801A0829B1E2F100D07894 /* Build configuration list for PBXNativeTarget "MyAlbums" */ = {
			isa = XCConfigurationList;
			buildConfigurations = (
				4D801A0929B1E2F100D07894 /* Debug */,
				4D801A0A29B1E2F100D07894 /* Release */,
			);
			defaultConfigurationIsVisible = 0;
			defaultConfigurationName = Release;
		};
		4D801A0B29B1E2F100D07894 /* Build configuration list for PBXNativeTarget "MyAlbumsTests" */ = {
			isa = XCConfigurationList;
			buildConfigurations = (
				4D801A0C29B1E2F100D07894 /* Debug */,
				4D801A0D29B1E2F100D07894 /* Release */,
			);
			defaultConfigurationIsVisible = 0;
			defaultConfigurationName = Release;
		};
		4D801A0E29B1E2F100D07894 /* Build configuration list for PBXNativeTarget "MyAlbumsUITests" */ = {
			isa = XCConfigurationList;
			buildConfigurations = (
				4D801A0F29B1E2F100D07894 /* Debug */,
				4D801A1029B1E2F100D07894 /* Release */,
			);
			defaultConfigurationIsVisible = 0;
			defaultConfigurationName = Release;
		};
/* End XCConfigurationList section */

/* Begin XCRemoteSwiftPackageReference section */
		4D6AAE1129B37C96001FFEFF /* XCRemoteSwiftPackageReference "SDWebImage" */ = {
			isa = XCRemoteSwiftPackageReference;
			repositoryURL = "https://github.com/SDWebImage/SDWebImage";
			requirement = {
				kind = upToNextMajorVersion;
				minimumVersion = 5.0.0;
			};
		};
		4DF823C329B20D0900B160AD /* XCRemoteSwiftPackageReference "RxSwift" */ = {
			isa = XCRemoteSwiftPackageReference;
			repositoryURL = "https://github.com/ReactiveX/RxSwift.git";
			requirement = {
				branch = main;
				kind = branch;
			};
		};
		4DF823CC29B2106800B160AD /* XCRemoteSwiftPackageReference "Alamofire" */ = {
			isa = XCRemoteSwiftPackageReference;
			repositoryURL = "https://github.com/Alamofire/Alamofire";
			requirement = {
				kind = upToNextMajorVersion;
				minimumVersion = 5.0.0;
			};
		};
/* End XCRemoteSwiftPackageReference section */

/* Begin XCSwiftPackageProductDependency section */
		4D6AAE1229B37C96001FFEFF /* SDWebImage */ = {
			isa = XCSwiftPackageProductDependency;
			package = 4D6AAE1129B37C96001FFEFF /* XCRemoteSwiftPackageReference "SDWebImage" */;
			productName = SDWebImage;
		};
		4DF823C429B20D0900B160AD /* RxBlocking */ = {
			isa = XCSwiftPackageProductDependency;
			package = 4DF823C329B20D0900B160AD /* XCRemoteSwiftPackageReference "RxSwift" */;
			productName = RxBlocking;
		};
		4DF823C629B20D0900B160AD /* RxCocoa */ = {
			isa = XCSwiftPackageProductDependency;
			package = 4DF823C329B20D0900B160AD /* XCRemoteSwiftPackageReference "RxSwift" */;
			productName = RxCocoa;
		};
		4DF823C829B20D0900B160AD /* RxRelay */ = {
			isa = XCSwiftPackageProductDependency;
			package = 4DF823C329B20D0900B160AD /* XCRemoteSwiftPackageReference "RxSwift" */;
			productName = RxRelay;
		};
		4DF823CA29B20D0900B160AD /* RxSwift */ = {
			isa = XCSwiftPackageProductDependency;
			package = 4DF823C329B20D0900B160AD /* XCRemoteSwiftPackageReference "RxSwift" */;
			productName = RxSwift;
		};
		4DF823CD29B2106800B160AD /* Alamofire */ = {
			isa = XCSwiftPackageProductDependency;
			package = 4DF823CC29B2106800B160AD /* XCRemoteSwiftPackageReference "Alamofire" */;
			productName = Alamofire;
		};
/* End XCSwiftPackageProductDependency section */
	};
	rootObject = 4D8019D629B1E2ED00D07894 /* Project object */;
}
